{
  "name": "codebase",
  "version": "1.0.0",
  "lockfileVersion": 1,
  "requires": true,
  "dependencies": {
    "@types/async": {
      "version": "3.0.1",
      "resolved": "https://registry.npm.taobao.org/@types/async/download/@types/async-3.0.1.tgz",
      "integrity": "sha1-6zMkf/wj2QT5BpopLCYMYyTLZSw="
    },
    "@types/node": {
      "version": "10.14.4",
      "resolved": "http://registry.npm.taobao.org/@types/node/download/@types/node-10.14.4.tgz?cache=0&other_urls=http%3A%2F%2Fregistry.npm.taobao.org%2F%40types%2Fnode%2Fdownload%2F%40types%2Fnode-10.14.4.tgz",
      "integrity": "sha1-HFhrmRRXy7WP71G8Tgz8+jR3FLU=",
      "dev": true
    },
    "benchmark": {
      "version": "2.1.4",
      "resolved": "http://registry.npm.taobao.org/benchmark/download/benchmark-2.1.4.tgz",
      "integrity": "sha1-CfPeMckWQl1JjMLuVloOvzwqVik=",
      "requires": {
        "lodash": "^4.17.4",
        "platform": "^1.3.3"
      }
    },
    "graceful-fs": {
      "version": "4.2.3",
      "resolved": "https://registry.npm.taobao.org/graceful-fs/download/graceful-fs-4.2.3.tgz",
      "integrity": "sha1-ShL/G2A3bvCYYsIJPt2Qgyi+hCM="
    },
    "klaw-sync": {
      "version": "6.0.0",
      "resolved": "https://registry.npm.taobao.org/klaw-sync/download/klaw-sync-6.0.0.tgz",
      "integrity": "sha1-H9LP1W67YlAYERTwpYEWcJnCsow=",
      "requires": {
        "graceful-fs": "^4.1.11"
      }
    },
    "lodash": {
      "version": "4.17.11",
      "resolved": "http://registry.npm.taobao.org/lodash/download/lodash-4.17.11.tgz",
      "integrity": "sha1-s56mIp72B+zYniyN8SU2iRysm40="
    },
    "platform": {
      "version": "1.3.5",
      "resolved": "http://registry.npm.taobao.org/platform/download/platform-1.3.5.tgz",
      "integrity": "sha1-+2lYxpbgfikY0u7aDwvJRI1zNEQ="
    }
  }
}
